// !$*UTF8*$!
{
	archiveVersion = 1;
	classes = {
	};
	objectVersion = 50;
	objects = {

/* Begin PBXBuildFile section */
		9BBBF44C2357E69200E0802C /* CommissionBasedPartTime.swift in Sources */ = {isa = PBXBuildFile; fileRef = 9BBBF44B2357E69200E0802C /* CommissionBasedPartTime.swift */; };
		9BCC34822356814D0039585C /* main.swift in Sources */ = {isa = PBXBuildFile; fileRef = 9BCC34812356814D0039585C /* main.swift */; };
		9BCC348923568A190039585C /* Vehicle.swift in Sources */ = {isa = PBXBuildFile; fileRef = 9BCC348823568A190039585C /* Vehicle.swift */; };
		9BCC348B2356A1600039585C /* Car.swift in Sources */ = {isa = PBXBuildFile; fileRef = 9BCC348A2356A1600039585C /* Car.swift */; };
		9BCC348D2356A3250039585C /* Motorcycle.swift in Sources */ = {isa = PBXBuildFile; fileRef = 9BCC348C2356A3250039585C /* Motorcycle.swift */; };
		9BCC348F2356A4280039585C /* PartTime.swift in Sources */ = {isa = PBXBuildFile; fileRef = 9BCC348E2356A4280039585C /* PartTime.swift */; };
		9BF1114E2357E44E00A7A1BF /* Employee.swift in Sources */ = {isa = PBXBuildFile; fileRef = 9BF1114D2357E44E00A7A1BF /* Employee.swift */; };
/* End PBXBuildFile section */

/* Begin PBXCopyFilesBuildPhase section */
		9BCC347C2356814D0039585C /* CopyFiles */ = {
			isa = PBXCopyFilesBuildPhase;
			buildActionMask = 2147483647;
			dstPath = /usr/share/man/man1/;
			dstSubfolderSpec = 0;
			files = (
			);
			runOnlyForDeploymentPostprocessing = 1;
		};
/* End PBXCopyFilesBuildPhase section */

/* Begin PBXFileReference section */
		9BBBF44B2357E69200E0802C /* CommissionBasedPartTime.swift */ = {isa = PBXFileReference; lastKnownFileType = sourcecode.swift; path = CommissionBasedPartTime.swift; sourceTree = "<group>"; };
		9BCC347E2356814D0039585C /* Swift_Payroll_Project */ = {isa = PBXFileReference; explicitFileType = "compiled.mach-o.executable"; includeInIndex = 0; path = Swift_Payroll_Project; sourceTree = BUILT_PRODUCTS_DIR; };
		9BCC34812356814D0039585C /* main.swift */ = {isa = PBXFileReference; lastKnownFileType = sourcecode.swift; path = main.swift; sourceTree = "<group>"; };
		9BCC348823568A190039585C /* Vehicle.swift */ = {isa = PBXFileReference; lastKnownFileType = sourcecode.swift; path = Vehicle.swift; sourceTree = "<group>"; };
		9BCC348A2356A1600039585C /* Car.swift */ = {isa = PBXFileReference; lastKnownFileType = sourcecode.swift; path = Car.swift; sourceTree = "<group>"; };
		9BCC348C2356A3250039585C /* Motorcycle.swift */ = {isa = PBXFileReference; lastKnownFileType = sourcecode.swift; path = Motorcycle.swift; sourceTree = "<group>"; };
		9BCC348E2356A4280039585C /* PartTime.swift */ = {isa = PBXFileReference; lastKnownFileType = sourcecode.swift; path = PartTime.swift; sourceTree = "<group>"; };
		9BF1114D2357E44E00A7A1BF /* Employee.swift */ = {isa = PBXFileReference; lastKnownFileType = sourcecode.swift; path = Employee.swift; sourceTree = "<group>"; };
/* End PBXFileReference section */

/* Begin PBXFrameworksBuildPhase section */
		9BCC347B2356814D0039585C /* Frameworks */ = {
			isa = PBXFrameworksBuildPhase;
			buildActionMask = 2147483647;
			files = (
			);
			runOnlyForDeploymentPostprocessing = 0;
		};
/* End PBXFrameworksBuildPhase section */

/* Begin PBXGroup section */
		9BCC34752356814D0039585C = {
			isa = PBXGroup;
			children = (
				9BCC34802356814D0039585C /* Swift_Payroll_Project */,
				9BCC347F2356814D0039585C /* Products */,
			);
			sourceTree = "<group>";
		};
		9BCC347F2356814D0039585C /* Products */ = {
			isa = PBXGroup;
			children = (
				9BCC347E2356814D0039585C /* Swift_Payroll_Project */,
			);
			name = Products;
			sourceTree = "<group>";
		};
		9BCC34802356814D0039585C /* Swift_Payroll_Project */ = {
			isa = PBXGroup;
			children = (
				9BCC34812356814D0039585C /* main.swift */,
				9BCC348823568A190039585C /* Vehicle.swift */,
				9BCC348A2356A1600039585C /* Car.swift */,
				9BCC348C2356A3250039585C /* Motorcycle.swift */,
				9BCC348E2356A4280039585C /* PartTime.swift */,
				9BF1114D2357E44E00A7A1BF /* Employee.swift */,
				9BBBF44B2357E69200E0802C /* CommissionBasedPartTime.swift */,
			);
			path = Swift_Payroll_Project;
			sourceTree = "<group>";
		};
/* End PBXGroup section */

/* Begin PBXNativeTarget section */
		9BCC347D2356814D0039585C /* Swift_Payroll_Project */ = {
			isa = PBXNativeTarget;
			buildConfigurationList = 9BCC34852356814D0039585C /* Build configuration list for PBXNativeTarget "Swift_Payroll_Project" */;
			buildPhases = (
				9BCC347A2356814D0039585C /* Sources */,
				9BCC347B2356814D0039585C /* Frameworks */,
				9BCC347C2356814D0039585C /* CopyFiles */,
			);
			buildRules = (
			);
			dependencies = (
			);
			name = Swift_Payroll_Project;
			productName = Swift_Payroll_Project;
			productReference = 9BCC347E2356814D0039585C /* Swift_Payroll_Project */;
			productType = "com.apple.product-type.tool";
		};
/* End PBXNativeTarget section */

/* Begin PBXProject section */
		9BCC34762356814D0039585C /* Project object */ = {
			isa = PBXProject;
			attributes = {
				LastSwiftUpdateCheck = 1030;
				LastUpgradeCheck = 1030;
				ORGANIZATIONNAME = MacStudent;
				TargetAttributes = {
					9BCC347D2356814D0039585C = {
						CreatedOnToolsVersion = 10.3;
					};
				};
			};
			buildConfigurationList = 9BCC34792356814D0039585C /* Build configuration list for PBXProject "Swift_Payroll_Project" */;
			compatibilityVersion = "Xcode 9.3";
			developmentRegion = en;
			hasScannedForEncodings = 0;
			knownRegions = (
				en,
			);
			mainGroup = 9BCC34752356814D0039585C;
			productRefGroup = 9BCC347F2356814D0039585C /* Products */;
			projectDirPath = "";
			projectRoot = "";
			targets = (
				9BCC347D2356814D0039585C /* Swift_Payroll_Project */,
			);
		};
/* End PBXProject section */

/* Begin PBXSourcesBuildPhase section */
		9BCC347A2356814D0039585C /* Sources */ = {
			isa = PBXSourcesBuildPhase;
			buildActionMask = 2147483647;
			files = (
				9BCC348D2356A3250039585C /* Motorcycle.swift in Sources */,
				9BF1114E2357E44E00A7A1BF /* Employee.swift in Sources */,
				9BCC348923568A190039585C /* Vehicle.swift in Sources */,
				9BBBF44C2357E69200E0802C /* CommissionBasedPartTime.swift in Sources */,
				9BCC34822356814D0039585C /* main.swift in Sources */,
				9BCC348F2356A4280039585C /* PartTime.swift in Sources */,
				9BCC348B2356A1600039585C /* Car.swift in Sources */,
			);
			runOnlyForDeploymentPostprocessing = 0;
		};
/* End PBXSourcesBuildPhase section */

/* Begin XCBuildConfiguration section */
		9BCC34832356814D0039585C /* Debug */ = {
			isa = XCBuildConfiguration;
			buildSettings = {
				ALWAYS_SEARCH_USER_PATHS = NO;
				CLANG_ANALYZER_NONNULL = YES;
				CLANG_ANALYZER_NUMBER_OBJECT_CONVERSION = YES_AGGRESSIVE;
				CLANG_CXX_LANGUAGE_STANDARD = "gnu++14";
				CLANG_CXX_LIBRARY = "libc++";
				CLANG_ENABLE_MODULES = YES;
				CLANG_ENABLE_OBJC_ARC = YES;
				CLANG_ENABLE_OBJC_WEAK = YES;
				CLANG_WARN_BLOCK_CAPTURE_AUTORELEASING = YES;
				CLANG_WARN_BOOL_CONVERSION = YES;
				CLANG_WARN_COMMA = YES;
				CLANG_WARN_CONSTANT_CONVERSION = YES;
				CLANG_WARN_DEPRECATED_OBJC_IMPLEMENTATIONS = YES;
				CLANG_WARN_DIRECT_OBJC_ISA_USAGE = YES_ERROR;
				CLANG_WARN_DOCUMENTATION_COMMENTS = YES;
				CLANG_WARN_EMPTY_BODY = YES;
				CLANG_WARN_ENUM_CONVERSION = YES;
				CLANG_WARN_INFINITE_RECURSION = YES;
				CLANG_WARN_INT_CONVERSION = YES;
				CLANG_WARN_NON_LITERAL_NULL_CONVERSION = YES;
				CLANG_WARN_OBJC_IMPLICIT_RETAIN_SELF = YES;
				CLANG_WARN_OBJC_LITERAL_CONVERSION = YES;
				CLANG_WARN_OBJC_ROOT_CLASS = YES_ERROR;
				CLANG_WARN_RANGE_LOOP_ANALYSIS = YES;
				CLANG_WARN_STRICT_PROTOTYPES = YES;
				CLANG_WARN_SUSPICIOUS_MOVE = YES;
				CLANG_WARN_UNGUARDED_AVAILABILITY = YES_AGGRESSIVE;
				CLANG_WARN_UNREACHABLE_CODE = YES;
				CLANG_WARN__DUPLICATE_METHOD_MATCH = YES;
				CODE_SIGN_IDENTITY = "-";
				COPY_PHASE_STRIP = NO;
				DEBUG_INFORMATION_FORMAT = dwarf;
				ENABLE_STRICT_OBJC_MSGSEND = YES;
				ENABLE_TESTABILITY = YES;
				GCC_C_LANGUAGE_STANDARD = gnu11;
				GCC_DYNAMIC_NO_PIC = NO;
				GCC_NO_COMMON_BLOCKS = YES;
				GCC_OPTIMIZATION_LEVEL = 0;
				GCC_PREPROCESSOR_DEFINITIONS = (
					"DEBUG=1",
					"$(inherited)",
				);
				GCC_WARN_64_TO_32_BIT_CONVERSION = YES;
				GCC_WARN_ABOUT_RETURN_TYPE = YES_ERROR;
				GCC_WARN_UNDECLARED_SELECTOR = YES;
				GCC_WARN_UNINITIALIZED_AUTOS = YES_AGGRESSIVE;
				GCC_WARN_UNUSED_FUNCTION = YES;
				GCC_WARN_UNUSED_VARIABLE = YES;
				MACOSX_DEPLOYMENT_TARGET = 10.14;
				MTL_ENABLE_DEBUG_INFO = INCLUDE_SOURCE;
				MTL_FAST_MATH = YES;
				ONLY_ACTIVE_ARCH = YES;
				SDKROOT = macosx;
				SWIFT_ACTIVE_COMPILATION_CONDITIONS = DEBUG;
				SWIFT_OPTIMIZATION_LEVEL = "-Onone";
			};
			name = Debug;
		};
		9BCC34842356814D0039585C /* Release */ = {
			isa = XCBuildConfiguration;
			buildSettings = {
				ALWAYS_SEARCH_USER_PATHS = NO;
				CLANG_ANALYZER_NONNULL = YES;
				CLANG_ANALYZER_NUMBER_OBJECT_CONVERSION = YES_AGGRESSIVE;
				CLANG_CXX_LANGUAGE_STANDARD = "gnu++14";
				CLANG_CXX_LIBRARY = "libc++";
				CLANG_ENABLE_MODULES = YES;
				CLANG_ENABLE_OBJC_ARC = YES;
				CLANG_ENABLE_OBJC_WEAK = YES;
				CLANG_WARN_BLOCK_CAPTURE_AUTORELEASING = YES;
				CLANG_WARN_BOOL_CONVERSION = YES;
				CLANG_WARN_COMMA = YES;
				CLANG_WARN_CONSTANT_CONVERSION = YES;
				CLANG_WARN_DEPRECATED_OBJC_IMPLEMENTATIONS = YES;
				CLANG_WARN_DIRECT_OBJC_ISA_USAGE = YES_ERROR;
				CLANG_WARN_DOCUMENTATION_COMMENTS = YES;
				CLANG_WARN_EMPTY_BODY = YES;
				CLANG_WARN_ENUM_CONVERSION = YES;
				CLANG_WARN_INFINITE_RECURSION = YES;
				CLANG_WARN_INT_CONVERSION = YES;
				CLANG_WARN_NON_LITERAL_NULL_CONVERSION = YES;
				CLANG_WARN_OBJC_IMPLICIT_RETAIN_SELF = YES;
				CLANG_WARN_OBJC_LITERAL_CONVERSION = YES;
				CLANG_WARN_OBJC_ROOT_CLASS = YES_ERROR;
				CLANG_WARN_RANGE_LOOP_ANALYSIS = YES;
				CLANG_WARN_STRICT_PROTOTYPES = YES;
				CLANG_WARN_SUSPICIOUS_MOVE = YES;
				CLANG_WARN_UNGUARDED_AVAILABILITY = YES_AGGRESSIVE;
				CLANG_WARN_UNREACHABLE_CODE = YES;
				CLANG_WARN__DUPLICATE_METHOD_MATCH = YES;
				CODE_SIGN_IDENTITY = "-";
				COPY_PHASE_STRIP = NO;
				DEBUG_INFORMATION_FORMAT = "dwarf-with-dsym";
				ENABLE_NS_ASSERTIONS = NO;
				ENABLE_STRICT_OBJC_MSGSEND = YES;
				GCC_C_LANGUAGE_STANDARD = gnu11;
				GCC_NO_COMMON_BLOCKS = YES;
				GCC_WARN_64_TO_32_BIT_CONVERSION = YES;
				GCC_WARN_ABOUT_RETURN_TYPE = YES_ERROR;
				GCC_WARN_UNDECLARED_SELECTOR = YES;
				GCC_WARN_UNINITIALIZED_AUTOS = YES_AGGRESSIVE;
				GCC_WARN_UNUSED_FUNCTION = YES;
				GCC_WARN_UNUSED_VARIABLE = YES;
				MACOSX_DEPLOYMENT_TARGET = 10.14;
				MTL_ENABLE_DEBUG_INFO = NO;
				MTL_FAST_MATH = YES;
				SDKROOT = macosx;
				SWIFT_COMPILATION_MODE = wholemodule;
				SWIFT_OPTIMIZATION_LEVEL = "-O";
			};
			name = Release;
		};
		9BCC34862356814D0039585C /* Debug */ = {
			isa = XCBuildConfiguration;
			buildSettings = {
				CODE_SIGN_STYLE = Automatic;
				PRODUCT_NAME = "$(TARGET_NAME)";
				SWIFT_VERSION = 5.0;
			};
			name = Debug;
		};
		9BCC34872356814D0039585C /* Release */ = {
			isa = XCBuildConfiguration;
			buildSettings = {
				CODE_SIGN_STYLE = Automatic;
				PRODUCT_NAME = "$(TARGET_NAME)";
				SWIFT_VERSION = 5.0;
			};
			name = Release;
		};
/* End XCBuildConfiguration section */

/* Begin XCConfigurationList section */
		9BCC34792356814D0039585C /* Build configuration list for PBXProject "Swift_Payroll_Project" */ = {
			isa = XCConfigurationList;
			buildConfigurations = (
				9BCC34832356814D0039585C /* Debug */,
				9BCC34842356814D0039585C /* Release */,
			);
			defaultConfigurationIsVisible = 0;
			defaultConfigurationName = Release;
		};
		9BCC34852356814D0039585C /* Build configuration list for PBXNativeTarget "Swift_Payroll_Project" */ = {
			isa = XCConfigurationList;
			buildConfigurations = (
				9BCC34862356814D0039585C /* Debug */,
				9BCC34872356814D0039585C /* Release */,
			);
			defaultConfigurationIsVisible = 0;
			defaultConfigurationName = Release;
		};
/* End XCConfigurationList section */
	};
	rootObject = 9BCC34762356814D0039585C /* Project object */;
}
